// !$*UTF8*$!
{
	archiveVersion = 1;
	classes = {
	};
	objectVersion = 46;
	objects = {

/* Begin PBXBuildFile section */
		C5B758EB1B18CCDB00767435 /* main.m in Sources */ = {isa = PBXBuildFile; fileRef = C5B758EA1B18CCDB00767435 /* main.m */; };
		C5B758EE1B18CCDB00767435 /* AppDelegate.m in Sources */ = {isa = PBXBuildFile; fileRef = C5B758ED1B18CCDB00767435 /* AppDelegate.m */; };
		C5B758F11B18CCDB00767435 /* FirstViewController.m in Sources */ = {isa = PBXBuildFile; fileRef = C5B758F01B18CCDB00767435 /* FirstViewController.m */; };
		C5B758F41B18CCDB00767435 /* SecondViewController.m in Sources */ = {isa = PBXBuildFile; fileRef = C5B758F31B18CCDB00767435 /* SecondViewController.m */; };
		C5B758F71B18CCDB00767435 /* Main.storyboard in Resources */ = {isa = PBXBuildFile; fileRef = C5B758F51B18CCDB00767435 /* Main.storyboard */; };
		C5B758F91B18CCDB00767435 /* Images.xcassets in Resources */ = {isa = PBXBuildFile; fileRef = C5B758F81B18CCDB00767435 /* Images.xcassets */; };
		C5B758FC1B18CCDB00767435 /* LaunchScreen.xib in Resources */ = {isa = PBXBuildFile; fileRef = C5B758FA1B18CCDB00767435 /* LaunchScreen.xib */; };
		C5B759081B18CCDB00767435 /* Indy_Inline_HockeyTests.m in Sources */ = {isa = PBXBuildFile; fileRef = C5B759071B18CCDB00767435 /* Indy_Inline_HockeyTests.m */; };
/* End PBXBuildFile section */

/* Begin PBXContainerItemProxy section */
		C5B759021B18CCDB00767435 /* PBXContainerItemProxy */ = {
			isa = PBXContainerItemProxy;
			containerPortal = C5B758DD1B18CCDB00767435 /* Project object */;
			proxyType = 1;
			remoteGlobalIDString = C5B758E41B18CCDB00767435;
			remoteInfo = "Indy Inline Hockey";
		};
/* End PBXContainerItemProxy section */

/* Begin PBXFileReference section */
		C5B758E51B18CCDB00767435 /* Indy Inline Hockey.app */ = {isa = PBXFileReference; explicitFileType = wrapper.application; includeInIndex = 0; path = "Indy Inline Hockey.app"; sourceTree = BUILT_PRODUCTS_DIR; };
		C5B758E91B18CCDB00767435 /* Info.plist */ = {isa = PBXFileReference; lastKnownFileType = text.plist.xml; path = Info.plist; sourceTree = "<group>"; };
		C5B758EA1B18CCDB00767435 /* main.m */ = {isa = PBXFileReference; lastKnownFileType = sourcecode.c.objc; path = main.m; sourceTree = "<group>"; };
		C5B758EC1B18CCDB00767435 /* AppDelegate.h */ = {isa = PBXFileReference; lastKnownFileType = sourcecode.c.h; path = AppDelegate.h; sourceTree = "<group>"; };
		C5B758ED1B18CCDB00767435 /* AppDelegate.m */ = {isa = PBXFileReference; lastKnownFileType = sourcecode.c.objc; path = AppDelegate.m; sourceTree = "<group>"; };
		C5B758EF1B18CCDB00767435 /* FirstViewController.h */ = {isa = PBXFileReference; lastKnownFileType = sourcecode.c.h; path = FirstViewController.h; sourceTree = "<group>"; };
		C5B758F01B18CCDB00767435 /* FirstViewController.m */ = {isa = PBXFileReference; lastKnownFileType = sourcecode.c.objc; path = FirstViewController.m; sourceTree = "<group>"; };
		C5B758F21B18CCDB00767435 /* SecondViewController.h */ = {isa = PBXFileReference; lastKnownFileType = sourcecode.c.h; path = SecondViewController.h; sourceTree = "<group>"; };
		C5B758F31B18CCDB00767435 /* SecondViewController.m */ = {isa = PBXFileReference; lastKnownFileType = sourcecode.c.objc; path = SecondViewController.m; sourceTree = "<group>"; };
		C5B758F61B18CCDB00767435 /* Base */ = {isa = PBXFileReference; lastKnownFileType = file.storyboard; name = Base; path = Base.lproj/Main.storyboard; sourceTree = "<group>"; };
		C5B758F81B18CCDB00767435 /* Images.xcassets */ = {isa = PBXFileReference; lastKnownFileType = folder.assetcatalog; path = Images.xcassets; sourceTree = "<group>"; };
		C5B758FB1B18CCDB00767435 /* Base */ = {isa = PBXFileReference; lastKnownFileType = file.xib; name = Base; path = Base.lproj/LaunchScreen.xib; sourceTree = "<group>"; };
		C5B759011B18CCDB00767435 /* Indy Inline HockeyTests.xctest */ = {isa = PBXFileReference; explicitFileType = wrapper.cfbundle; includeInIndex = 0; path = "Indy Inline HockeyTests.xctest"; sourceTree = BUILT_PRODUCTS_DIR; };
		C5B759061B18CCDB00767435 /* Info.plist */ = {isa = PBXFileReference; lastKnownFileType = text.plist.xml; path = Info.plist; sourceTree = "<group>"; };
		C5B759071B18CCDB00767435 /* Indy_Inline_HockeyTests.m */ = {isa = PBXFileReference; lastKnownFileType = sourcecode.c.objc; path = Indy_Inline_HockeyTests.m; sourceTree = "<group>"; };
/* End PBXFileReference section */

/* Begin PBXFrameworksBuildPhase section */
		C5B758E21B18CCDB00767435 /* Frameworks */ = {
			isa = PBXFrameworksBuildPhase;
			buildActionMask = 2147483647;
			files = (
			);
			runOnlyForDeploymentPostprocessing = 0;
		};
		C5B758FE1B18CCDB00767435 /* Frameworks */ = {
			isa = PBXFrameworksBuildPhase;
			buildActionMask = 2147483647;
			files = (
			);
			runOnlyForDeploymentPostprocessing = 0;
		};
/* End PBXFrameworksBuildPhase section */

/* Begin PBXGroup section */
		C5B758DC1B18CCDB00767435 = {
			isa = PBXGroup;
			children = (
				C5B758E71B18CCDB00767435 /* Indy Inline Hockey */,
				C5B759041B18CCDB00767435 /* Indy Inline HockeyTests */,
				C5B758E61B18CCDB00767435 /* Products */,
			);
			sourceTree = "<group>";
		};
		C5B758E61B18CCDB00767435 /* Products */ = {
			isa = PBXGroup;
			children = (
				C5B758E51B18CCDB00767435 /* Indy Inline Hockey.app */,
				C5B759011B18CCDB00767435 /* Indy Inline HockeyTests.xctest */,
			);
			name = Products;
			sourceTree = "<group>";
		};
		C5B758E71B18CCDB00767435 /* Indy Inline Hockey */ = {
			isa = PBXGroup;
			children = (
				C5B758EC1B18CCDB00767435 /* AppDelegate.h */,
				C5B758ED1B18CCDB00767435 /* AppDelegate.m */,
				C5B758EF1B18CCDB00767435 /* FirstViewController.h */,
				C5B758F01B18CCDB00767435 /* FirstViewController.m */,
				C5B758F21B18CCDB00767435 /* SecondViewController.h */,
				C5B758F31B18CCDB00767435 /* SecondViewController.m */,
				C5B758F51B18CCDB00767435 /* Main.storyboard */,
				C5B758F81B18CCDB00767435 /* Images.xcassets */,
				C5B758FA1B18CCDB00767435 /* LaunchScreen.xib */,
				C5B758E81B18CCDB00767435 /* Supporting Files */,
			);
			path = "Indy Inline Hockey";
			sourceTree = "<group>";
		};
		C5B758E81B18CCDB00767435 /* Supporting Files */ = {
			isa = PBXGroup;
			children = (
				C5B758E91B18CCDB00767435 /* Info.plist */,
				C5B758EA1B18CCDB00767435 /* main.m */,
			);
			name = "Supporting Files";
			sourceTree = "<group>";
		};
		C5B759041B18CCDB00767435 /* Indy Inline HockeyTests */ = {
			isa = PBXGroup;
			children = (
				C5B759071B18CCDB00767435 /* Indy_Inline_HockeyTests.m */,
				C5B759051B18CCDB00767435 /* Supporting Files */,
			);
			path = "Indy Inline HockeyTests";
			sourceTree = "<group>";
		};
		C5B759051B18CCDB00767435 /* Supporting Files */ = {
			isa = PBXGroup;
			children = (
				C5B759061B18CCDB00767435 /* Info.plist */,
			);
			name = "Supporting Files";
			sourceTree = "<group>";
		};
/* End PBXGroup section */

/* Begin PBXNativeTarget section */
		C5B758E41B18CCDB00767435 /* Indy Inline Hockey */ = {
			isa = PBXNativeTarget;
			buildConfigurationList = C5B7590B1B18CCDB00767435 /* Build configuration list for PBXNativeTarget "Indy Inline Hockey" */;
			buildPhases = (
				C5B758E11B18CCDB00767435 /* Sources */,
				C5B758E21B18CCDB00767435 /* Frameworks */,
				C5B758E31B18CCDB00767435 /* Resources */,
			);
			buildRules = (
			);
			dependencies = (
			);
			name = "Indy Inline Hockey";
			productName = "Indy Inline Hockey";
			productReference = C5B758E51B18CCDB00767435 /* Indy Inline Hockey.app */;
			productType = "com.apple.product-type.application";
		};
		C5B759001B18CCDB00767435 /* Indy Inline HockeyTests */ = {
			isa = PBXNativeTarget;
			buildConfigurationList = C5B7590E1B18CCDB00767435 /* Build configuration list for PBXNativeTarget "Indy Inline HockeyTests" */;
			buildPhases = (
				C5B758FD1B18CCDB00767435 /* Sources */,
				C5B758FE1B18CCDB00767435 /* Frameworks */,
				C5B758FF1B18CCDB00767435 /* Resources */,
			);
			buildRules = (
			);
			dependencies = (
				C5B759031B18CCDB00767435 /* PBXTargetDependency */,
			);
			name = "Indy Inline HockeyTests";
			productName = "Indy Inline HockeyTests";
			productReference = C5B759011B18CCDB00767435 /* Indy Inline HockeyTests.xctest */;
			productType = "com.apple.product-type.bundle.unit-test";
		};
/* End PBXNativeTarget section */

/* Begin PBXProject section */
		C5B758DD1B18CCDB00767435 /* Project object */ = {
			isa = PBXProject;
			attributes = {
				LastUpgradeCheck = 0630;
				ORGANIZATIONNAME = "Video Venatus";
				TargetAttributes = {
					C5B758E41B18CCDB00767435 = {
						CreatedOnToolsVersion = 6.3.2;
					};
					C5B759001B18CCDB00767435 = {
						CreatedOnToolsVersion = 6.3.2;
						TestTargetID = C5B758E41B18CCDB00767435;
					};
				};
			};
			buildConfigurationList = C5B758E01B18CCDB00767435 /* Build configuration list for PBXProject "Indy Inline Hockey" */;
			compatibilityVersion = "Xcode 3.2";
			developmentRegion = English;
			hasScannedForEncodings = 0;
			knownRegions = (
				en,
				Base,
			);
			mainGroup = C5B758DC1B18CCDB00767435;
			productRefGroup = C5B758E61B18CCDB00767435 /* Products */;
			projectDirPath = "";
			projectRoot = "";
			targets = (
				C5B758E41B18CCDB00767435 /* Indy Inline Hockey */,
				C5B759001B18CCDB00767435 /* Indy Inline HockeyTests */,
			);
		};
/* End PBXProject section */

/* Begin PBXResourcesBuildPhase section */
		C5B758E31B18CCDB00767435 /* Resources */ = {
			isa = PBXResourcesBuildPhase;
			buildActionMask = 2147483647;
			files = (
				C5B758F71B18CCDB00767435 /* Main.storyboard in Resources */,
				C5B758FC1B18CCDB00767435 /* LaunchScreen.xib in Resources */,
				C5B758F91B18CCDB00767435 /* Images.xcassets in Resources */,
			);
			runOnlyForDeploymentPostprocessing = 0;
		};
		C5B758FF1B18CCDB00767435 /* Resources */ = {
			isa = PBXResourcesBuildPhase;
			buildActionMask = 2147483647;
			files = (
			);
			runOnlyForDeploymentPostprocessing = 0;
		};
/* End PBXResourcesBuildPhase section */

/* Begin PBXSourcesBuildPhase section */
		C5B758E11B18CCDB00767435 /* Sources */ = {
			isa = PBXSourcesBuildPhase;
			buildActionMask = 2147483647;
			files = (
				C5B758F41B18CCDB00767435 /* SecondViewController.m in Sources */,
				C5B758EE1B18CCDB00767435 /* AppDelegate.m in Sources */,
				C5B758F11B18CCDB00767435 /* FirstViewController.m in Sources */,
				C5B758EB1B18CCDB00767435 /* main.m in Sources */,
			);
			runOnlyForDeploymentPostprocessing = 0;
		};
		C5B758FD1B18CCDB00767435 /* Sources */ = {
			isa = PBXSourcesBuildPhase;
			buildActionMask = 2147483647;
			files = (
				C5B759081B18CCDB00767435 /* Indy_Inline_HockeyTests.m in Sources */,
			);
			runOnlyForDeploymentPostprocessing = 0;
		};
/* End PBXSourcesBuildPhase section */

/* Begin PBXTargetDependency section */
		C5B759031B18CCDB00767435 /* PBXTargetDependency */ = {
			isa = PBXTargetDependency;
			target = C5B758E41B18CCDB00767435 /* Indy Inline Hockey */;
			targetProxy = C5B759021B18CCDB00767435 /* PBXContainerItemProxy */;
		};
/* End PBXTargetDependency section */

/* Begin PBXVariantGroup section */
		C5B758F51B18CCDB00767435 /* Main.storyboard */ = {
			isa = PBXVariantGroup;
			children = (
				C5B758F61B18CCDB00767435 /* Base */,
			);
			name = Main.storyboard;
			sourceTree = "<group>";
		};
		C5B758FA1B18CCDB00767435 /* LaunchScreen.xib */ = {
			isa = PBXVariantGroup;
			children = (
				C5B758FB1B18CCDB00767435 /* Base */,
			);
			name = LaunchScreen.xib;
			sourceTree = "<group>";
		};
/* End PBXVariantGroup section */

/* Begin XCBuildConfiguration section */
		C5B759091B18CCDB00767435 /* Debug */ = {
			isa = XCBuildConfiguration;
			buildSettings = {
				ALWAYS_SEARCH_USER_PATHS = NO;
				CLANG_CXX_LANGUAGE_STANDARD = "gnu++0x";
				CLANG_CXX_LIBRARY = "libc++";
				CLANG_ENABLE_MODULES = YES;
				CLANG_ENABLE_OBJC_ARC = YES;
				CLANG_WARN_BOOL_CONVERSION = YES;
				CLANG_WARN_CONSTANT_CONVERSION = YES;
				CLANG_WARN_DIRECT_OBJC_ISA_USAGE = YES_ERROR;
				CLANG_WARN_EMPTY_BODY = YES;
				CLANG_WARN_ENUM_CONVERSION = YES;
				CLANG_WARN_INT_CONVERSION = YES;
				CLANG_WARN_OBJC_ROOT_CLASS = YES_ERROR;
				CLANG_WARN_UNREACHABLE_CODE = YES;
				CLANG_WARN__DUPLICATE_METHOD_MATCH = YES;
				"CODE_SIGN_IDENTITY[sdk=iphoneos*]" = "iPhone Developer";
				COPY_PHASE_STRIP = NO;
				DEBUG_INFORMATION_FORMAT = "dwarf-with-dsym";
				ENABLE_STRICT_OBJC_MSGSEND = YES;
				GCC_C_LANGUAGE_STANDARD = gnu99;
				GCC_DYNAMIC_NO_PIC = NO;
				GCC_NO_COMMON_BLOCKS = YES;
				GCC_OPTIMIZATION_LEVEL = 0;
				GCC_PREPROCESSOR_DEFINITIONS = (
					"DEBUG=1",
					"$(inherited)",
				);
				GCC_SYMBOLS_PRIVATE_EXTERN = NO;
				GCC_WARN_64_TO_32_BIT_CONVERSION = YES;
				GCC_WARN_ABOUT_RETURN_TYPE = YES_ERROR;
				GCC_WARN_UNDECLARED_SELECTOR = YES;
				GCC_WARN_UNINITIALIZED_AUTOS = YES_AGGRESSIVE;
				GCC_WARN_UNUSED_FUNCTION = YES;
				GCC_WARN_UNUSED_VARIABLE = YES;
				IPHONEOS_DEPLOYMENT_TARGET = 8.3;
				MTL_ENABLE_DEBUG_INFO = YES;
				ONLY_ACTIVE_ARCH = YES;
				SDKROOT = iphoneos;
			};
			name = Debug;
		};
		C5B7590A1B18CCDB00767435 /* Release */ = {
			isa = XCBuildConfiguration;
			buildSettings = {
				ALWAYS_SEARCH_USER_PATHS = NO;
				CLANG_CXX_LANGUAGE_STANDARD = "gnu++0x";
				CLANG_CXX_LIBRARY = "libc++";
				CLANG_ENABLE_MODULES = YES;
				CLANG_ENABLE_OBJC_ARC = YES;
				CLANG_WARN_BOOL_CONVERSION = YES;
				CLANG_WARN_CONSTANT_CONVERSION = YES;
				CLANG_WARN_DIRECT_OBJC_ISA_USAGE = YES_ERROR;
				CLANG_WARN_EMPTY_BODY = YES;
				CLANG_WARN_ENUM_CONVERSION = YES;
				CLANG_WARN_INT_CONVERSION = YES;
				CLANG_WARN_OBJC_ROOT_CLASS = YES_ERROR;
				CLANG_WARN_UNREACHABLE_CODE = YES;
				CLANG_WARN__DUPLICATE_METHOD_MATCH = YES;
				"CODE_SIGN_IDENTITY[sdk=iphoneos*]" = "iPhone Developer";
				COPY_PHASE_STRIP = NO;
				DEBUG_INFORMATION_FORMAT = "dwarf-with-dsym";
				ENABLE_NS_ASSERTIONS = NO;
				ENABLE_STRICT_OBJC_MSGSEND = YES;
				GCC_C_LANGUAGE_STANDARD = gnu99;
				GCC_NO_COMMON_BLOCKS = YES;
				GCC_WARN_64_TO_32_BIT_CONVERSION = YES;
				GCC_WARN_ABOUT_RETURN_TYPE = YES_ERROR;
				GCC_WARN_UNDECLARED_SELECTOR = YES;
				GCC_WARN_UNINITIALIZED_AUTOS = YES_AGGRESSIVE;
				GCC_WARN_UNUSED_FUNCTION = YES;
				GCC_WARN_UNUSED_VARIABLE = YES;
				IPHONEOS_DEPLOYMENT_TARGET = 8.3;
				MTL_ENABLE_DEBUG_INFO = NO;
				SDKROOT = iphoneos;
				VALIDATE_PRODUCT = YES;
			};
			name = Release;
		};
		C5B7590C1B18CCDB00767435 /* Debug */ = {
			isa = XCBuildConfiguration;
			buildSettings = {
				ASSETCATALOG_COMPILER_APPICON_NAME = AppIcon;
				INFOPLIST_FILE = "Indy Inline Hockey/Info.plist";
				LD_RUNPATH_SEARCH_PATHS = "$(inherited) @executable_path/Frameworks";
				PRODUCT_NAME = "$(TARGET_NAME)";
			};
			name = Debug;
		};
		C5B7590D1B18CCDB00767435 /* Release */ = {
			isa = XCBuildConfiguration;
			buildSettings = {
				ASSETCATALOG_COMPILER_APPICON_NAME = AppIcon;
				INFOPLIST_FILE = "Indy Inline Hockey/Info.plist";
				LD_RUNPATH_SEARCH_PATHS = "$(inherited) @executable_path/Frameworks";
				PRODUCT_NAME = "$(TARGET_NAME)";
			};
			name = Release;
		};
		C5B7590F1B18CCDB00767435 /* Debug */ = {
			isa = XCBuildConfiguration;
			buildSettings = {
				BUNDLE_LOADER = "$(TEST_HOST)";
				FRAMEWORK_SEARCH_PATHS = (
					"$(SDKROOT)/Developer/Library/Frameworks",
					"$(inherited)",
				);
				GCC_PREPROCESSOR_DEFINITIONS = (
					"DEBUG=1",
					"$(inherited)",
				);
				INFOPLIST_FILE = "Indy Inline HockeyTests/Info.plist";
				LD_RUNPATH_SEARCH_PATHS = "$(inherited) @executable_path/Frameworks @loader_path/Frameworks";
				PRODUCT_NAME = "$(TARGET_NAME)";
				TEST_HOST = "$(BUILT_PRODUCTS_DIR)/Indy Inline Hockey.app/Indy Inline Hockey";
			};
			name = Debug;
		};
		C5B759101B18CCDB00767435 /* Release */ = {
			isa = XCBuildConfiguration;
			buildSettings = {
				BUNDLE_LOADER = "$(TEST_HOST)";
				FRAMEWORK_SEARCH_PATHS = (
					"$(SDKROOT)/Developer/Library/Frameworks",
					"$(inherited)",
				);
				INFOPLIST_FILE = "Indy Inline HockeyTests/Info.plist";
				LD_RUNPATH_SEARCH_PATHS = "$(inherited) @executable_path/Frameworks @loader_path/Frameworks";
				PRODUCT_NAME = "$(TARGET_NAME)";
				TEST_HOST = "$(BUILT_PRODUCTS_DIR)/Indy Inline Hockey.app/Indy Inline Hockey";
			};
			name = Release;
		};
/* End XCBuildConfiguration section */

/* Begin XCConfigurationList section */
		C5B758E01B18CCDB00767435 /* Build configuration list for PBXProject "Indy Inline Hockey" */ = {
			isa = XCConfigurationList;
			buildConfigurations = (
				C5B759091B18CCDB00767435 /* Debug */,
				C5B7590A1B18CCDB00767435 /* Release */,
			);
			defaultConfigurationIsVisible = 0;
			defaultConfigurationName = Release;
		};
		C5B7590B1B18CCDB00767435 /* Build configuration list for PBXNativeTarget "Indy Inline Hockey" */ = {
			isa = XCConfigurationList;
			buildConfigurations = (
				C5B7590C1B18CCDB00767435 /* Debug */,
				C5B7590D1B18CCDB00767435 /* Release */,
			);
			defaultConfigurationIsVisible = 0;
		};
		C5B7590E1B18CCDB00767435 /* Build configuration list for PBXNativeTarget "Indy Inline HockeyTests" */ = {
			isa = XCConfigurationList;
			buildConfigurations = (
				C5B7590F1B18CCDB00767435 /* Debug */,
				C5B759101B18CCDB00767435 /* Release */,
			);
			defaultConfigurationIsVisible = 0;
		};
/* End XCConfigurationList section */
	};
	rootObject = C5B758DD1B18CCDB00767435 /* Project object */;
}
